
Microsoft Visual Studio Solution File, Format Version 12.00
Project("{FAE04EC0-301F-11D3-BF4B-00C04F79EFBC}") = "Congratulator", "Congratulator\Congratulator.csproj", "{BF04C433-D80C-4DC4-A842-C870CC8F7C6D}"
EndProject
Global
	GlobalSection(SolutionConfigurationPlatforms) = preSolution
		Debug|Any CPU = Debug|Any CPU
		Release|Any CPU = Release|Any CPU
	EndGlobalSection
	GlobalSection(ProjectConfigurationPlatforms) = postSolution
		{BF04C433-D80C-4DC4-A842-C870CC8F7C6D}.Debug|Any CPU.ActiveCfg = Debug|Any CPU
		{BF04C433-D80C-4DC4-A842-C870CC8F7C6D}.Debug|Any CPU.Build.0 = Debug|Any CPU
		{BF04C433-D80C-4DC4-A842-C870CC8F7C6D}.Release|Any CPU.ActiveCfg = Release|Any CPU
		{BF04C433-D80C-4DC4-A842-C870CC8F7C6D}.Release|Any CPU.Build.0 = Release|Any CPU
	EndGlobalSection
EndGlobal
