
Microsoft Visual Studio Solution File, Format Version 12.00
Project("{FAE04EC0-301F-11D3-BF4B-00C04F79EFBC}") = "PublicApi", "PublicApi\PublicApi.csproj", "{BF04C433-D80C-4DC4-A842-C870CC8F7C6D}"
EndProject
Project("{FAE04EC0-301F-11D3-BF4B-00C04F79EFBC}") = "AppServices", "AppServices\AppServices.csproj", "{DD7915C7-46E3-4F33-8AA1-CB248C09C315}"
EndProject
Project("{FAE04EC0-301F-11D3-BF4B-00C04F79EFBC}") = "Contracts", "Contracts\Contracts.csproj", "{334B585F-E2B1-40D1-9669-F4F88BAFCCE2}"
EndProject
Project("{FAE04EC0-301F-11D3-BF4B-00C04F79EFBC}") = "Handlers", "Handlers\Handlers.csproj", "{504E54B3-C88E-4014-A925-D50C021DB674}"
EndProject
Project("{FAE04EC0-301F-11D3-BF4B-00C04F79EFBC}") = "Domain", "Domain\Domain.csproj", "{E70D13B1-2AA6-4C0E-8E84-4706C51A8FD5}"
EndProject
Project("{2150E333-8FDC-42A3-9474-1A3956D46DE8}") = "Infrastructure", "Infrastructure", "{629F37E8-CF08-41AA-899C-B2F2A0CB40F1}"
EndProject
Project("{FAE04EC0-301F-11D3-BF4B-00C04F79EFBC}") = "DataAccess", "DataAccess\DataAccess.csproj", "{DAADF65F-455B-405A-BEA2-59A9E42A6B22}"
EndProject
Project("{FAE04EC0-301F-11D3-BF4B-00C04F79EFBC}") = "ComponentRegistrer", "ComponentRegistrer\ComponentRegistrer.csproj", "{466C37F2-57E6-429E-87DB-62E4990446CA}"
EndProject
Global
	GlobalSection(SolutionConfigurationPlatforms) = preSolution
		Debug|Any CPU = Debug|Any CPU
		Release|Any CPU = Release|Any CPU
	EndGlobalSection
	GlobalSection(ProjectConfigurationPlatforms) = postSolution
		{BF04C433-D80C-4DC4-A842-C870CC8F7C6D}.Debug|Any CPU.ActiveCfg = Debug|Any CPU
		{BF04C433-D80C-4DC4-A842-C870CC8F7C6D}.Debug|Any CPU.Build.0 = Debug|Any CPU
		{BF04C433-D80C-4DC4-A842-C870CC8F7C6D}.Release|Any CPU.ActiveCfg = Release|Any CPU
		{BF04C433-D80C-4DC4-A842-C870CC8F7C6D}.Release|Any CPU.Build.0 = Release|Any CPU
		{DD7915C7-46E3-4F33-8AA1-CB248C09C315}.Debug|Any CPU.ActiveCfg = Debug|Any CPU
		{DD7915C7-46E3-4F33-8AA1-CB248C09C315}.Debug|Any CPU.Build.0 = Debug|Any CPU
		{DD7915C7-46E3-4F33-8AA1-CB248C09C315}.Release|Any CPU.ActiveCfg = Release|Any CPU
		{DD7915C7-46E3-4F33-8AA1-CB248C09C315}.Release|Any CPU.Build.0 = Release|Any CPU
		{334B585F-E2B1-40D1-9669-F4F88BAFCCE2}.Debug|Any CPU.ActiveCfg = Debug|Any CPU
		{334B585F-E2B1-40D1-9669-F4F88BAFCCE2}.Debug|Any CPU.Build.0 = Debug|Any CPU
		{334B585F-E2B1-40D1-9669-F4F88BAFCCE2}.Release|Any CPU.ActiveCfg = Release|Any CPU
		{334B585F-E2B1-40D1-9669-F4F88BAFCCE2}.Release|Any CPU.Build.0 = Release|Any CPU
		{504E54B3-C88E-4014-A925-D50C021DB674}.Debug|Any CPU.ActiveCfg = Debug|Any CPU
		{504E54B3-C88E-4014-A925-D50C021DB674}.Debug|Any CPU.Build.0 = Debug|Any CPU
		{504E54B3-C88E-4014-A925-D50C021DB674}.Release|Any CPU.ActiveCfg = Release|Any CPU
		{504E54B3-C88E-4014-A925-D50C021DB674}.Release|Any CPU.Build.0 = Release|Any CPU
		{E70D13B1-2AA6-4C0E-8E84-4706C51A8FD5}.Debug|Any CPU.ActiveCfg = Debug|Any CPU
		{E70D13B1-2AA6-4C0E-8E84-4706C51A8FD5}.Debug|Any CPU.Build.0 = Debug|Any CPU
		{E70D13B1-2AA6-4C0E-8E84-4706C51A8FD5}.Release|Any CPU.ActiveCfg = Release|Any CPU
		{E70D13B1-2AA6-4C0E-8E84-4706C51A8FD5}.Release|Any CPU.Build.0 = Release|Any CPU
		{DAADF65F-455B-405A-BEA2-59A9E42A6B22}.Debug|Any CPU.ActiveCfg = Debug|Any CPU
		{DAADF65F-455B-405A-BEA2-59A9E42A6B22}.Debug|Any CPU.Build.0 = Debug|Any CPU
		{DAADF65F-455B-405A-BEA2-59A9E42A6B22}.Release|Any CPU.ActiveCfg = Release|Any CPU
		{DAADF65F-455B-405A-BEA2-59A9E42A6B22}.Release|Any CPU.Build.0 = Release|Any CPU
		{466C37F2-57E6-429E-87DB-62E4990446CA}.Debug|Any CPU.ActiveCfg = Debug|Any CPU
		{466C37F2-57E6-429E-87DB-62E4990446CA}.Debug|Any CPU.Build.0 = Debug|Any CPU
		{466C37F2-57E6-429E-87DB-62E4990446CA}.Release|Any CPU.ActiveCfg = Release|Any CPU
		{466C37F2-57E6-429E-87DB-62E4990446CA}.Release|Any CPU.Build.0 = Release|Any CPU
	EndGlobalSection
	GlobalSection(NestedProjects) = preSolution
		{DAADF65F-455B-405A-BEA2-59A9E42A6B22} = {629F37E8-CF08-41AA-899C-B2F2A0CB40F1}
		{466C37F2-57E6-429E-87DB-62E4990446CA} = {629F37E8-CF08-41AA-899C-B2F2A0CB40F1}
	EndGlobalSection
EndGlobal
